
Microsoft Visual Studio Solution File, Format Version 12.00
# Visual Studio 14
VisualStudioVersion = 14.0.25420.1
MinimumVisualStudioVersion = 10.0.40219.1
Project("{FAE04EC0-301F-11D3-BF4B-00C04F79EFBC}") = "nico_database", "nico_database\nico_database.csproj", "{F8A1CDD7-8D6D-4372-B077-9430DB204B1C}"
EndProject
Project("{2150E333-8FDC-42A3-9474-1A3956D46DE8}") = "Solution Items", "Solution Items", "{C8D99B1A-7B49-4FC9-85E2-C981074DDDB2}"
	ProjectSection(SolutionItems) = preProject
		Performance1.psess = Performance1.psess
	EndProjectSection
EndProject
Global
	GlobalSection(SolutionConfigurationPlatforms) = preSolution
		Debug|Any CPU = Debug|Any CPU
		Debug|x64 = Debug|x64
		Debug|x86 = Debug|x86
		Release|Any CPU = Release|Any CPU
		Release|x64 = Release|x64
		Release|x86 = Release|x86
	EndGlobalSection
	GlobalSection(ProjectConfigurationPlatforms) = postSolution
		{F8A1CDD7-8D6D-4372-B077-9430DB204B1C}.Debug|Any CPU.ActiveCfg = Debug|Any CPU
		{F8A1CDD7-8D6D-4372-B077-9430DB204B1C}.Debug|Any CPU.Build.0 = Debug|Any CPU
		{F8A1CDD7-8D6D-4372-B077-9430DB204B1C}.Debug|x64.ActiveCfg = Debug|x64
		{F8A1CDD7-8D6D-4372-B077-9430DB204B1C}.Debug|x64.Build.0 = Debug|x64
		{F8A1CDD7-8D6D-4372-B077-9430DB204B1C}.Debug|x86.ActiveCfg = Debug|x86
		{F8A1CDD7-8D6D-4372-B077-9430DB204B1C}.Debug|x86.Build.0 = Debug|x86
		{F8A1CDD7-8D6D-4372-B077-9430DB204B1C}.Release|Any CPU.ActiveCfg = Release|Any CPU
		{F8A1CDD7-8D6D-4372-B077-9430DB204B1C}.Release|Any CPU.Build.0 = Release|Any CPU
		{F8A1CDD7-8D6D-4372-B077-9430DB204B1C}.Release|x64.ActiveCfg = Release|x64
		{F8A1CDD7-8D6D-4372-B077-9430DB204B1C}.Release|x64.Build.0 = Release|x64
		{F8A1CDD7-8D6D-4372-B077-9430DB204B1C}.Release|x86.ActiveCfg = Release|x86
		{F8A1CDD7-8D6D-4372-B077-9430DB204B1C}.Release|x86.Build.0 = Release|x86
	EndGlobalSection
	GlobalSection(SolutionProperties) = preSolution
		HideSolutionNode = FALSE
	EndGlobalSection
EndGlobal
